
Microsoft Visual Studio Solution File, Format Version 12.00
# Visual Studio Version 17
VisualStudioVersion = 17.4.33213.308
MinimumVisualStudioVersion = 10.0.40219.1
Project("{FAE04EC0-301F-11D3-BF4B-00C04F79EFBC}") = "araba yarisi oyunu", "araba yarisi oyunu\araba yarisi oyunu.csproj", "{BE5F8AEC-9C2D-42F4-B1C2-2796A8A3AB53}"
EndProject
Global
	GlobalSection(SolutionConfigurationPlatforms) = preSolution
		Debug|Any CPU = Debug|Any CPU
		Release|Any CPU = Release|Any CPU
	EndGlobalSection
	GlobalSection(ProjectConfigurationPlatforms) = postSolution
		{BE5F8AEC-9C2D-42F4-B1C2-2796A8A3AB53}.Debug|Any CPU.ActiveCfg = Debug|Any CPU
		{BE5F8AEC-9C2D-42F4-B1C2-2796A8A3AB53}.Debug|Any CPU.Build.0 = Debug|Any CPU
		{BE5F8AEC-9C2D-42F4-B1C2-2796A8A3AB53}.Release|Any CPU.ActiveCfg = Release|Any CPU
		{BE5F8AEC-9C2D-42F4-B1C2-2796A8A3AB53}.Release|Any CPU.Build.0 = Release|Any CPU
	EndGlobalSection
	GlobalSection(SolutionProperties) = preSolution
		HideSolutionNode = FALSE
	EndGlobalSection
	GlobalSection(ExtensibilityGlobals) = postSolution
		SolutionGuid = {6C6D9B87-FA25-420C-856E-7D430328791C}
	EndGlobalSection
EndGlobal
